<?xml version="1.0" encoding="utf-8"?>
<Project ToolsVersion="4.0" xmlns="http://schemas.microsoft.com/developer/msbuild/2003">
  <ItemGroup>
    <Filter Include="Source Files">
      <UniqueIdentifier>{4FC737F1-C7A5-4376-A066-2A32D752A2FF}</UniqueIdentifier>
      <Extensions>cpp;c;cc;cxx;def;odl;idl;hpj;bat;asm;asmx</Extensions>
    </Filter>
    <Filter Include="Header Files">
      <UniqueIdentifier>{93995380-89BD-4b04-88EB-625FBE52EBFB}</UniqueIdentifier>
      <Extensions>h;hh;hpp;hxx;hm;inl;inc;xsd</Extensions>
    </Filter>
    <Filter Include="Resource Files">
      <UniqueIdentifier>{67DA6AB6-F800-4c08-8B7A-83BB121AAD01}</UniqueIdentifier>
      <Extensions>rc;ico;cur;bmp;dlg;rc2;rct;bin;rgs;gif;jpg;jpeg;jpe;resx;tiff;tif;png;wav;mfcribbon-ms</Extensions>
    </Filter>
    <Filter Include="problems">
      <UniqueIdentifier>{37684a64-6cd2-4bca-b984-d78a7fa59422}</UniqueIdentifier>
    </Filter>
    <Filter Include="problems\MiniTweeter">
      <UniqueIdentifier>{43a129a5-c674-4c0c-848d-e0e2b85aafff}</UniqueIdentifier>
    </Filter>
    <Filter Include="problems\ConsistentHashing">
      <UniqueIdentifier>{7b0edd68-8417-4c38-8105-664f6d8ad9bd}</UniqueIdentifier>
    </Filter>
    <Filter Include="problems\memcache">
      <UniqueIdentifier>{b6ab42a2-21b2-495b-a597-c3faab8663bc}</UniqueIdentifier>
    </Filter>
    <Filter Include="problems\MiniCassandra">
      <UniqueIdentifier>{ea792fd3-2e28-4021-9018-02036dd15066}</UniqueIdentifier>
    </Filter>
    <Filter Include="problems\TrieService">
      <UniqueIdentifier>{6b8afdd6-d9a6-4a61-a7e3-52995cb02f89}</UniqueIdentifier>
    </Filter>
    <Filter Include="problems\TrieSerialization">
      <UniqueIdentifier>{f2982f34-dc0b-4250-b71c-583669272dae}</UniqueIdentifier>
    </Filter>
    <Filter Include="problems\TypeAhead">
      <UniqueIdentifier>{c67d03f2-f143-46c2-8f0d-b44e428c1e1f}</UniqueIdentifier>
    </Filter>
    <Filter Include="problems\WebCrawler">
      <UniqueIdentifier>{799c4dd7-3584-47d1-bc99-33a3392571d3}</UniqueIdentifier>
    </Filter>
    <Filter Include="problems\tinyurlII">
      <UniqueIdentifier>{26df7d0e-693f-4f86-92fa-0f66919e1040}</UniqueIdentifier>
    </Filter>
  </ItemGroup>
  <ItemGroup>
    <ClInclude Include="stdafx.h">
      <Filter>Header Files</Filter>
    </ClInclude>
    <ClInclude Include="targetver.h">
      <Filter>Header Files</Filter>
    </ClInclude>
    <ClInclude Include="Problems\MiniTweeter\minitweeter.h">
      <Filter>problems\MiniTweeter</Filter>
    </ClInclude>
    <ClInclude Include="Problems\MiniTweeter\minitweetertest.h">
      <Filter>problems\MiniTweeter</Filter>
    </ClInclude>
    <ClInclude Include="Problems\ConsistentHashing\consistenthashing.h">
      <Filter>problems\ConsistentHashing</Filter>
    </ClInclude>
    <ClInclude Include="Problems\MemCache\memcache.h">
      <Filter>problems\memcache</Filter>
    </ClInclude>
    <ClInclude Include="Problems\MemCache\memcache_test.h">
      <Filter>problems\memcache</Filter>
    </ClInclude>
    <ClInclude Include="Problems\MiniCassandra\minicassandra.h">
      <Filter>problems\MiniCassandra</Filter>
    </ClInclude>
    <ClInclude Include="Problems\InvertedIndex\invertedindex.h">
      <Filter>problems</Filter>
    </ClInclude>
    <ClInclude Include="Problems\TrieService\trieservice.h">
      <Filter>problems\TrieService</Filter>
    </ClInclude>
    <ClInclude Include="Problems\TrieSerialization\trieserialization.h">
      <Filter>problems\TrieSerialization</Filter>
    </ClInclude>
    <ClInclude Include="Problems\TypeAhead\typeahead.h">
      <Filter>problems\TypeAhead</Filter>
    </ClInclude>
    <ClInclude Include="Problems\WebCrawler\webcrawler.h">
      <Filter>problems\WebCrawler</Filter>
    </ClInclude>
    <ClInclude Include="Problems\TinyUrlII\tinyurlII.h">
      <Filter>problems\tinyurlII</Filter>
    </ClInclude>
  </ItemGroup>
  <ItemGroup>
    <ClCompile Include="stdafx.cpp">
      <Filter>Source Files</Filter>
    </ClCompile>
    <ClCompile Include="systemdesign.cpp">
      <Filter>Source Files</Filter>
    </ClCompile>
  </ItemGroup>
</Project>